
Microsoft Visual Studio Solution File, Format Version 12.00
# Visual Studio 2013
VisualStudioVersion = 12.0.30324.0
MinimumVisualStudioVersion = 10.0.40219.1
Project("{8BC9CEB8-8B4A-11D0-8D11-00A0C91BC942}") = "Core", "..\..\Core\Core.vcxproj", "{AB13FEBB-6C94-4F93-BC2A-7F5284B7D434}"
EndProject
Project("{8BC9CEB8-8B4A-11D0-8D11-00A0C91BC942}") = "CoreTest", "..\..\Core\CoreTest\CoreTest.vcxproj", "{E63CE8FE-6C94-4F93-BC2A-7F5284B7D434}"
EndProject
Project("{8BC9CEB8-8B4A-11D0-8D11-00A0C91BC942}") = "TestFramework", "..\..\TestFramework\TestFramework.vcxproj", "{0768DEFB-6C94-4F93-BC2A-7F5284B7D434}"
EndProject
Project("{8BC9CEB8-8B4A-11D0-8D11-00A0C91BC942}") = "FBuildApp", "FBuildApp\FBuildApp.vcxproj", "{52CF9BA7-6C94-4F93-BC2A-7F5284B7D434}"
EndProject
Project("{8BC9CEB8-8B4A-11D0-8D11-00A0C91BC942}") = "FBuildCore", "FBuildCore\FBuildCore.vcxproj", "{97469300-6C94-4F93-BC2A-7F5284B7D434}"
EndProject
Project("{8BC9CEB8-8B4A-11D0-8D11-00A0C91BC942}") = "FBuildTest", "FBuildTest\FBuildTest.vcxproj", "{5910F2FB-6C94-4F93-BC2A-7F5284B7D434}"
EndProject
Project("{8BC9CEB8-8B4A-11D0-8D11-00A0C91BC942}") = "FBuildWorker", "FBuildWorker\FBuildWorker.vcxproj", "{4619FCB7-6C94-4F93-BC2A-7F5284B7D434}"
EndProject
Project("{8BC9CEB8-8B4A-11D0-8D11-00A0C91BC942}") = "All", "..\..\All.vcxproj", "{73202180-6C94-4F93-BC2A-7F5284B7D434}"
EndProject
Project("{2150E333-8FDC-42A3-9474-1A3956D46DE8}") = "1. Test", "1. Test", "{1BDE8FA2-F826-4E8F-8130-DA6733325F97}"
EndProject
Project("{2150E333-8FDC-42A3-9474-1A3956D46DE8}") = "2. Libs", "2. Libs", "{36229640-23E2-42B7-A7CD-AEC8AC2AE307}"
EndProject
Project("{2150E333-8FDC-42A3-9474-1A3956D46DE8}") = "3. Apps", "3. Apps", "{767B2E35-85FD-42CE-9B8C-1D219A0EC606}"
EndProject
Project("{2150E333-8FDC-42A3-9474-1A3956D46DE8}") = "0. External", "0. External", "{C8586BEA-5A87-4AD4-9D9F-B46719D6EF97}"
EndProject
Project("{8BC9CEB8-8B4A-11D0-8D11-00A0C91BC942}") = "LZ4", "..\..\..\External\LZ4\lz4-r127\LZ4.vcxproj", "{14D37D96-6C94-4F93-BC2A-7F5284B7D434}"
EndProject
Global
	GlobalSection(SolutionConfigurationPlatforms) = preSolution
		x64-Debug|Mixed Platforms = x64-Debug|Mixed Platforms
		x64-Profile|Mixed Platforms = x64-Profile|Mixed Platforms
		x64-Release|Mixed Platforms = x64-Release|Mixed Platforms
		x86Clang-Debug|Mixed Platforms = x86Clang-Debug|Mixed Platforms
		x86-Debug|Mixed Platforms = x86-Debug|Mixed Platforms
		x86-Profile|Mixed Platforms = x86-Profile|Mixed Platforms
		x86-Release|Mixed Platforms = x86-Release|Mixed Platforms
	EndGlobalSection
	GlobalSection(ProjectConfigurationPlatforms) = postSolution
		{AB13FEBB-6C94-4F93-BC2A-7F5284B7D434}.x64-Debug|Mixed Platforms.ActiveCfg = x64-Debug|Win32
		{AB13FEBB-6C94-4F93-BC2A-7F5284B7D434}.x64-Profile|Mixed Platforms.ActiveCfg = x64-Profile|Win32
		{AB13FEBB-6C94-4F93-BC2A-7F5284B7D434}.x64-Release|Mixed Platforms.ActiveCfg = x64-Release|Win32
		{AB13FEBB-6C94-4F93-BC2A-7F5284B7D434}.x86Clang-Debug|Mixed Platforms.ActiveCfg = x86Clang-Debug|Win32
		{AB13FEBB-6C94-4F93-BC2A-7F5284B7D434}.x86-Debug|Mixed Platforms.ActiveCfg = x86-Debug|Win32
		{AB13FEBB-6C94-4F93-BC2A-7F5284B7D434}.x86-Profile|Mixed Platforms.ActiveCfg = x86-Profile|Win32
		{AB13FEBB-6C94-4F93-BC2A-7F5284B7D434}.x86-Release|Mixed Platforms.ActiveCfg = x86-Release|Win32
		{E63CE8FE-6C94-4F93-BC2A-7F5284B7D434}.x64-Debug|Mixed Platforms.ActiveCfg = x64-Debug|Win32
		{E63CE8FE-6C94-4F93-BC2A-7F5284B7D434}.x64-Profile|Mixed Platforms.ActiveCfg = x64-Profile|Win32
		{E63CE8FE-6C94-4F93-BC2A-7F5284B7D434}.x64-Release|Mixed Platforms.ActiveCfg = x64-Release|Win32
		{E63CE8FE-6C94-4F93-BC2A-7F5284B7D434}.x86Clang-Debug|Mixed Platforms.ActiveCfg = x86Clang-Debug|Win32
		{E63CE8FE-6C94-4F93-BC2A-7F5284B7D434}.x86-Debug|Mixed Platforms.ActiveCfg = x86-Debug|Win32
		{E63CE8FE-6C94-4F93-BC2A-7F5284B7D434}.x86-Profile|Mixed Platforms.ActiveCfg = x86-Profile|Win32
		{E63CE8FE-6C94-4F93-BC2A-7F5284B7D434}.x86-Release|Mixed Platforms.ActiveCfg = x86-Release|Win32
		{0768DEFB-6C94-4F93-BC2A-7F5284B7D434}.x64-Debug|Mixed Platforms.ActiveCfg = x64-Debug|Win32
		{0768DEFB-6C94-4F93-BC2A-7F5284B7D434}.x64-Profile|Mixed Platforms.ActiveCfg = x64-Profile|Win32
		{0768DEFB-6C94-4F93-BC2A-7F5284B7D434}.x64-Release|Mixed Platforms.ActiveCfg = x64-Release|Win32
		{0768DEFB-6C94-4F93-BC2A-7F5284B7D434}.x86Clang-Debug|Mixed Platforms.ActiveCfg = x86Clang-Debug|Win32
		{0768DEFB-6C94-4F93-BC2A-7F5284B7D434}.x86-Debug|Mixed Platforms.ActiveCfg = x86-Debug|Win32
		{0768DEFB-6C94-4F93-BC2A-7F5284B7D434}.x86-Profile|Mixed Platforms.ActiveCfg = x86-Profile|Win32
		{0768DEFB-6C94-4F93-BC2A-7F5284B7D434}.x86-Release|Mixed Platforms.ActiveCfg = x86-Release|Win32
		{52CF9BA7-6C94-4F93-BC2A-7F5284B7D434}.x64-Debug|Mixed Platforms.ActiveCfg = x64-Debug|Win32
		{52CF9BA7-6C94-4F93-BC2A-7F5284B7D434}.x64-Profile|Mixed Platforms.ActiveCfg = x64-Profile|Win32
		{52CF9BA7-6C94-4F93-BC2A-7F5284B7D434}.x64-Release|Mixed Platforms.ActiveCfg = x64-Release|Win32
		{52CF9BA7-6C94-4F93-BC2A-7F5284B7D434}.x86Clang-Debug|Mixed Platforms.ActiveCfg = x86Clang-Debug|Win32
		{52CF9BA7-6C94-4F93-BC2A-7F5284B7D434}.x86-Debug|Mixed Platforms.ActiveCfg = x86-Debug|Win32
		{52CF9BA7-6C94-4F93-BC2A-7F5284B7D434}.x86-Profile|Mixed Platforms.ActiveCfg = x86-Profile|Win32
		{52CF9BA7-6C94-4F93-BC2A-7F5284B7D434}.x86-Release|Mixed Platforms.ActiveCfg = x86-Release|Win32
		{97469300-6C94-4F93-BC2A-7F5284B7D434}.x64-Debug|Mixed Platforms.ActiveCfg = x64-Debug|Win32
		{97469300-6C94-4F93-BC2A-7F5284B7D434}.x64-Profile|Mixed Platforms.ActiveCfg = x64-Profile|Win32
		{97469300-6C94-4F93-BC2A-7F5284B7D434}.x64-Release|Mixed Platforms.ActiveCfg = x64-Release|Win32
		{97469300-6C94-4F93-BC2A-7F5284B7D434}.x86Clang-Debug|Mixed Platforms.ActiveCfg = x86Clang-Debug|Win32
		{97469300-6C94-4F93-BC2A-7F5284B7D434}.x86-Debug|Mixed Platforms.ActiveCfg = x86-Debug|Win32
		{97469300-6C94-4F93-BC2A-7F5284B7D434}.x86-Profile|Mixed Platforms.ActiveCfg = x86-Profile|Win32
		{97469300-6C94-4F93-BC2A-7F5284B7D434}.x86-Release|Mixed Platforms.ActiveCfg = x86-Release|Win32
		{5910F2FB-6C94-4F93-BC2A-7F5284B7D434}.x64-Debug|Mixed Platforms.ActiveCfg = x64-Debug|Win32
		{5910F2FB-6C94-4F93-BC2A-7F5284B7D434}.x64-Profile|Mixed Platforms.ActiveCfg = x64-Profile|Win32
		{5910F2FB-6C94-4F93-BC2A-7F5284B7D434}.x64-Release|Mixed Platforms.ActiveCfg = x64-Release|Win32
		{5910F2FB-6C94-4F93-BC2A-7F5284B7D434}.x86Clang-Debug|Mixed Platforms.ActiveCfg = x86Clang-Debug|Win32
		{5910F2FB-6C94-4F93-BC2A-7F5284B7D434}.x86-Debug|Mixed Platforms.ActiveCfg = x86-Debug|Win32
		{5910F2FB-6C94-4F93-BC2A-7F5284B7D434}.x86-Profile|Mixed Platforms.ActiveCfg = x86-Profile|Win32
		{5910F2FB-6C94-4F93-BC2A-7F5284B7D434}.x86-Release|Mixed Platforms.ActiveCfg = x86-Release|Win32
		{4619FCB7-6C94-4F93-BC2A-7F5284B7D434}.x64-Debug|Mixed Platforms.ActiveCfg = x64-Debug|Win32
		{4619FCB7-6C94-4F93-BC2A-7F5284B7D434}.x64-Profile|Mixed Platforms.ActiveCfg = x64-Profile|Win32
		{4619FCB7-6C94-4F93-BC2A-7F5284B7D434}.x64-Release|Mixed Platforms.ActiveCfg = x64-Release|Win32
		{4619FCB7-6C94-4F93-BC2A-7F5284B7D434}.x86Clang-Debug|Mixed Platforms.ActiveCfg = x86Clang-Debug|Win32
		{4619FCB7-6C94-4F93-BC2A-7F5284B7D434}.x86-Debug|Mixed Platforms.ActiveCfg = x86-Debug|Win32
		{4619FCB7-6C94-4F93-BC2A-7F5284B7D434}.x86-Profile|Mixed Platforms.ActiveCfg = x86-Profile|Win32
		{4619FCB7-6C94-4F93-BC2A-7F5284B7D434}.x86-Release|Mixed Platforms.ActiveCfg = x86-Release|Win32
		{73202180-6C94-4F93-BC2A-7F5284B7D434}.x64-Debug|Mixed Platforms.ActiveCfg = x64-Debug|Win32
		{73202180-6C94-4F93-BC2A-7F5284B7D434}.x64-Debug|Mixed Platforms.Build.0 = x64-Debug|Win32
		{73202180-6C94-4F93-BC2A-7F5284B7D434}.x64-Profile|Mixed Platforms.ActiveCfg = x64-Profile|Win32
		{73202180-6C94-4F93-BC2A-7F5284B7D434}.x64-Profile|Mixed Platforms.Build.0 = x64-Profile|Win32
		{73202180-6C94-4F93-BC2A-7F5284B7D434}.x64-Release|Mixed Platforms.ActiveCfg = x64-Release|Win32
		{73202180-6C94-4F93-BC2A-7F5284B7D434}.x64-Release|Mixed Platforms.Build.0 = x64-Release|Win32
		{73202180-6C94-4F93-BC2A-7F5284B7D434}.x86Clang-Debug|Mixed Platforms.ActiveCfg = x86Clang-Debug|Win32
		{73202180-6C94-4F93-BC2A-7F5284B7D434}.x86Clang-Debug|Mixed Platforms.Build.0 = x86Clang-Debug|Win32
		{73202180-6C94-4F93-BC2A-7F5284B7D434}.x86-Debug|Mixed Platforms.ActiveCfg = x86-Debug|Win32
		{73202180-6C94-4F93-BC2A-7F5284B7D434}.x86-Debug|Mixed Platforms.Build.0 = x86-Debug|Win32
		{73202180-6C94-4F93-BC2A-7F5284B7D434}.x86-Profile|Mixed Platforms.ActiveCfg = x86-Profile|Win32
		{73202180-6C94-4F93-BC2A-7F5284B7D434}.x86-Profile|Mixed Platforms.Build.0 = x86-Profile|Win32
		{73202180-6C94-4F93-BC2A-7F5284B7D434}.x86-Release|Mixed Platforms.ActiveCfg = x86-Release|Win32
		{73202180-6C94-4F93-BC2A-7F5284B7D434}.x86-Release|Mixed Platforms.Build.0 = x86-Release|Win32
		{14D37D96-6C94-4F93-BC2A-7F5284B7D434}.x64-Debug|Mixed Platforms.ActiveCfg = x64-Debug|Win32
		{14D37D96-6C94-4F93-BC2A-7F5284B7D434}.x64-Profile|Mixed Platforms.ActiveCfg = x64-Profile|Win32
		{14D37D96-6C94-4F93-BC2A-7F5284B7D434}.x64-Release|Mixed Platforms.ActiveCfg = x64-Release|Win32
		{14D37D96-6C94-4F93-BC2A-7F5284B7D434}.x86Clang-Debug|Mixed Platforms.ActiveCfg = x86Clang-Debug|Win32
		{14D37D96-6C94-4F93-BC2A-7F5284B7D434}.x86-Debug|Mixed Platforms.ActiveCfg = x86-Debug|Win32
		{14D37D96-6C94-4F93-BC2A-7F5284B7D434}.x86-Profile|Mixed Platforms.ActiveCfg = x86-Profile|Win32
		{14D37D96-6C94-4F93-BC2A-7F5284B7D434}.x86-Release|Mixed Platforms.ActiveCfg = x86-Release|Win32
	EndGlobalSection
	GlobalSection(SolutionProperties) = preSolution
		HideSolutionNode = FALSE
	EndGlobalSection
	GlobalSection(NestedProjects) = preSolution
		{AB13FEBB-6C94-4F93-BC2A-7F5284B7D434} = {36229640-23E2-42B7-A7CD-AEC8AC2AE307}
		{E63CE8FE-6C94-4F93-BC2A-7F5284B7D434} = {1BDE8FA2-F826-4E8F-8130-DA6733325F97}
		{0768DEFB-6C94-4F93-BC2A-7F5284B7D434} = {1BDE8FA2-F826-4E8F-8130-DA6733325F97}
		{52CF9BA7-6C94-4F93-BC2A-7F5284B7D434} = {767B2E35-85FD-42CE-9B8C-1D219A0EC606}
		{97469300-6C94-4F93-BC2A-7F5284B7D434} = {36229640-23E2-42B7-A7CD-AEC8AC2AE307}
		{5910F2FB-6C94-4F93-BC2A-7F5284B7D434} = {1BDE8FA2-F826-4E8F-8130-DA6733325F97}
		{4619FCB7-6C94-4F93-BC2A-7F5284B7D434} = {767B2E35-85FD-42CE-9B8C-1D219A0EC606}
		{14D37D96-6C94-4F93-BC2A-7F5284B7D434} = {C8586BEA-5A87-4AD4-9D9F-B46719D6EF97}
	EndGlobalSection
EndGlobal
